
Microsoft Visual Studio Solution File, Format Version 12.00
# Visual Studio 15
VisualStudioVersion = 15.0.26124.0
MinimumVisualStudioVersion = 15.0.26124.0
Project("{6EC3EE1D-3C4E-46DD-8F32-0CC8E7565705}") = "Expecto", "Expecto\Expecto.fsproj", "{48B9A431-EA96-44CF-BC97-0C5109CD27FA}"
EndProject
Project("{6EC3EE1D-3C4E-46DD-8F32-0CC8E7565705}") = "Expecto.FsCheck", "Expecto.FsCheck\Expecto.FsCheck.fsproj", "{AA1AC11D-B954-48C3-831B-1BA0329F7977}"
EndProject
Project("{6EC3EE1D-3C4E-46DD-8F32-0CC8E7565705}") = "Expecto.BenchmarkDotNet", "Expecto.BenchmarkDotNet\Expecto.BenchmarkDotNet.fsproj", "{CC765C5B-8780-41DA-9FFB-36507A2D7E6A}"
EndProject
Project("{6EC3EE1D-3C4E-46DD-8F32-0CC8E7565705}") = "Expecto.Tests", "Expecto.Tests\Expecto.Tests.fsproj", "{66FC4FA2-26FF-43FB-88DF-3A5E1609F701}"
EndProject
Global
	GlobalSection(SolutionConfigurationPlatforms) = preSolution
		Debug|Any CPU = Debug|Any CPU
		Debug|x64 = Debug|x64
		Debug|x86 = Debug|x86
		Release|Any CPU = Release|Any CPU
		Release|x64 = Release|x64
		Release|x86 = Release|x86
	EndGlobalSection
	GlobalSection(SolutionProperties) = preSolution
		HideSolutionNode = FALSE
	EndGlobalSection
	GlobalSection(ProjectConfigurationPlatforms) = postSolution
		{48B9A431-EA96-44CF-BC97-0C5109CD27FA}.Debug|Any CPU.ActiveCfg = Debug|Any CPU
		{48B9A431-EA96-44CF-BC97-0C5109CD27FA}.Debug|Any CPU.Build.0 = Debug|Any CPU
		{48B9A431-EA96-44CF-BC97-0C5109CD27FA}.Debug|x64.ActiveCfg = Debug|x64
		{48B9A431-EA96-44CF-BC97-0C5109CD27FA}.Debug|x64.Build.0 = Debug|x64
		{48B9A431-EA96-44CF-BC97-0C5109CD27FA}.Debug|x86.ActiveCfg = Debug|x86
		{48B9A431-EA96-44CF-BC97-0C5109CD27FA}.Debug|x86.Build.0 = Debug|x86
		{48B9A431-EA96-44CF-BC97-0C5109CD27FA}.Release|Any CPU.ActiveCfg = Release|Any CPU
		{48B9A431-EA96-44CF-BC97-0C5109CD27FA}.Release|Any CPU.Build.0 = Release|Any CPU
		{48B9A431-EA96-44CF-BC97-0C5109CD27FA}.Release|x64.ActiveCfg = Release|x64
		{48B9A431-EA96-44CF-BC97-0C5109CD27FA}.Release|x64.Build.0 = Release|x64
		{48B9A431-EA96-44CF-BC97-0C5109CD27FA}.Release|x86.ActiveCfg = Release|x86
		{48B9A431-EA96-44CF-BC97-0C5109CD27FA}.Release|x86.Build.0 = Release|x86
		{AA1AC11D-B954-48C3-831B-1BA0329F7977}.Debug|Any CPU.ActiveCfg = Debug|Any CPU
		{AA1AC11D-B954-48C3-831B-1BA0329F7977}.Debug|Any CPU.Build.0 = Debug|Any CPU
		{AA1AC11D-B954-48C3-831B-1BA0329F7977}.Debug|x64.ActiveCfg = Debug|x64
		{AA1AC11D-B954-48C3-831B-1BA0329F7977}.Debug|x64.Build.0 = Debug|x64
		{AA1AC11D-B954-48C3-831B-1BA0329F7977}.Debug|x86.ActiveCfg = Debug|x86
		{AA1AC11D-B954-48C3-831B-1BA0329F7977}.Debug|x86.Build.0 = Debug|x86
		{AA1AC11D-B954-48C3-831B-1BA0329F7977}.Release|Any CPU.ActiveCfg = Release|Any CPU
		{AA1AC11D-B954-48C3-831B-1BA0329F7977}.Release|Any CPU.Build.0 = Release|Any CPU
		{AA1AC11D-B954-48C3-831B-1BA0329F7977}.Release|x64.ActiveCfg = Release|x64
		{AA1AC11D-B954-48C3-831B-1BA0329F7977}.Release|x64.Build.0 = Release|x64
		{AA1AC11D-B954-48C3-831B-1BA0329F7977}.Release|x86.ActiveCfg = Release|x86
		{AA1AC11D-B954-48C3-831B-1BA0329F7977}.Release|x86.Build.0 = Release|x86
		{CC765C5B-8780-41DA-9FFB-36507A2D7E6A}.Debug|Any CPU.ActiveCfg = Debug|Any CPU
		{CC765C5B-8780-41DA-9FFB-36507A2D7E6A}.Debug|Any CPU.Build.0 = Debug|Any CPU
		{CC765C5B-8780-41DA-9FFB-36507A2D7E6A}.Debug|x64.ActiveCfg = Debug|x64
		{CC765C5B-8780-41DA-9FFB-36507A2D7E6A}.Debug|x64.Build.0 = Debug|x64
		{CC765C5B-8780-41DA-9FFB-36507A2D7E6A}.Debug|x86.ActiveCfg = Debug|x86
		{CC765C5B-8780-41DA-9FFB-36507A2D7E6A}.Debug|x86.Build.0 = Debug|x86
		{CC765C5B-8780-41DA-9FFB-36507A2D7E6A}.Release|Any CPU.ActiveCfg = Release|Any CPU
		{CC765C5B-8780-41DA-9FFB-36507A2D7E6A}.Release|Any CPU.Build.0 = Release|Any CPU
		{CC765C5B-8780-41DA-9FFB-36507A2D7E6A}.Release|x64.ActiveCfg = Release|x64
		{CC765C5B-8780-41DA-9FFB-36507A2D7E6A}.Release|x64.Build.0 = Release|x64
		{CC765C5B-8780-41DA-9FFB-36507A2D7E6A}.Release|x86.ActiveCfg = Release|x86
		{CC765C5B-8780-41DA-9FFB-36507A2D7E6A}.Release|x86.Build.0 = Release|x86
		{66FC4FA2-26FF-43FB-88DF-3A5E1609F701}.Debug|Any CPU.ActiveCfg = Debug|Any CPU
		{66FC4FA2-26FF-43FB-88DF-3A5E1609F701}.Debug|Any CPU.Build.0 = Debug|Any CPU
		{66FC4FA2-26FF-43FB-88DF-3A5E1609F701}.Debug|x64.ActiveCfg = Debug|x64
		{66FC4FA2-26FF-43FB-88DF-3A5E1609F701}.Debug|x64.Build.0 = Debug|x64
		{66FC4FA2-26FF-43FB-88DF-3A5E1609F701}.Debug|x86.ActiveCfg = Debug|x86
		{66FC4FA2-26FF-43FB-88DF-3A5E1609F701}.Debug|x86.Build.0 = Debug|x86
		{66FC4FA2-26FF-43FB-88DF-3A5E1609F701}.Release|Any CPU.ActiveCfg = Release|Any CPU
		{66FC4FA2-26FF-43FB-88DF-3A5E1609F701}.Release|Any CPU.Build.0 = Release|Any CPU
		{66FC4FA2-26FF-43FB-88DF-3A5E1609F701}.Release|x64.ActiveCfg = Release|x64
		{66FC4FA2-26FF-43FB-88DF-3A5E1609F701}.Release|x64.Build.0 = Release|x64
		{66FC4FA2-26FF-43FB-88DF-3A5E1609F701}.Release|x86.ActiveCfg = Release|x86
		{66FC4FA2-26FF-43FB-88DF-3A5E1609F701}.Release|x86.Build.0 = Release|x86
	EndGlobalSection
EndGlobal
