
Microsoft Visual Studio Solution File, Format Version 12.00
# Visual Studio 15
VisualStudioVersion = 15.0.26124.0
MinimumVisualStudioVersion = 15.0.26124.0
Project("{2150E333-8FDC-42A3-9474-1A3956D46DE8}") = "src", "src", "{414CBABD-6411-42AC-AC1D-74B8DBD14E29}"
EndProject
Project("{6EC3EE1D-3C4E-46DD-8F32-0CC8E7565705}") = "Expecto", "src\Expecto\Expecto.fsproj", "{AE88CB3A-A89B-4008-8625-57F922F40454}"
EndProject
Project("{6EC3EE1D-3C4E-46DD-8F32-0CC8E7565705}") = "Expecto.BenchmarkDotNet", "src\Expecto.BenchmarkDotNet\Expecto.BenchmarkDotNet.fsproj", "{FDF67DC1-0EC3-4CDE-B188-1479B2315767}"
EndProject
Project("{6EC3EE1D-3C4E-46DD-8F32-0CC8E7565705}") = "Expecto.FsCheck", "src\Expecto.FsCheck\Expecto.FsCheck.fsproj", "{107F13DF-5E63-44E5-99B3-0E052E35E960}"
EndProject
Project("{2150E333-8FDC-42A3-9474-1A3956D46DE8}") = "tests", "tests", "{E1012CDF-B6FC-4759-9786-076CAB4E953C}"
EndProject
Project("{6EC3EE1D-3C4E-46DD-8F32-0CC8E7565705}") = "Expecto.Tests", "tests\Expecto.Tests\Expecto.Tests.fsproj", "{0C74D2AC-167A-4BF8-926D-5C17663BCE92}"
EndProject
Project("{FAE04EC0-301F-11D3-BF4B-00C04F79EFBC}") = "Expecto.Tests.CSharp", "tests\Expecto.Tests.CSharp\Expecto.Tests.CSharp.csproj", "{8B66B88C-C012-42D3-A350-AE28F585CBFE}"
EndProject
Project("{6EC3EE1D-3C4E-46DD-8F32-0CC8E7565705}") = "Expecto.Focused.Tests", "tests\Expecto.Focused.Tests\Expecto.Focused.Tests.fsproj", "{72E09F03-6D16-4909-82B9-80EE1C1CBA1D}"
EndProject
Project("{2150E333-8FDC-42A3-9474-1A3956D46DE8}") = "sample", "sample", "{336CA843-F387-423F-9E70-8AAF6C8EE92E}"
EndProject
Project("{6EC3EE1D-3C4E-46DD-8F32-0CC8E7565705}") = "Expecto.Sample", "sample\Expecto.Sample\Expecto.Sample.fsproj", "{869E007F-EBC1-4901-B1DB-FD7A8C0233B8}"
EndProject
Global
	GlobalSection(SolutionConfigurationPlatforms) = preSolution
		Debug|Any CPU = Debug|Any CPU
		Debug|x64 = Debug|x64
		Debug|x86 = Debug|x86
		Release|Any CPU = Release|Any CPU
		Release|x64 = Release|x64
		Release|x86 = Release|x86
	EndGlobalSection
	GlobalSection(SolutionProperties) = preSolution
		HideSolutionNode = FALSE
	EndGlobalSection
	GlobalSection(ProjectConfigurationPlatforms) = postSolution
		{AE88CB3A-A89B-4008-8625-57F922F40454}.Debug|Any CPU.ActiveCfg = Debug|Any CPU
		{AE88CB3A-A89B-4008-8625-57F922F40454}.Debug|Any CPU.Build.0 = Debug|Any CPU
		{AE88CB3A-A89B-4008-8625-57F922F40454}.Debug|x64.ActiveCfg = Debug|x64
		{AE88CB3A-A89B-4008-8625-57F922F40454}.Debug|x64.Build.0 = Debug|x64
		{AE88CB3A-A89B-4008-8625-57F922F40454}.Debug|x86.ActiveCfg = Debug|x86
		{AE88CB3A-A89B-4008-8625-57F922F40454}.Debug|x86.Build.0 = Debug|x86
		{AE88CB3A-A89B-4008-8625-57F922F40454}.Release|Any CPU.ActiveCfg = Release|Any CPU
		{AE88CB3A-A89B-4008-8625-57F922F40454}.Release|Any CPU.Build.0 = Release|Any CPU
		{AE88CB3A-A89B-4008-8625-57F922F40454}.Release|x64.ActiveCfg = Release|x64
		{AE88CB3A-A89B-4008-8625-57F922F40454}.Release|x64.Build.0 = Release|x64
		{AE88CB3A-A89B-4008-8625-57F922F40454}.Release|x86.ActiveCfg = Release|x86
		{AE88CB3A-A89B-4008-8625-57F922F40454}.Release|x86.Build.0 = Release|x86
		{FDF67DC1-0EC3-4CDE-B188-1479B2315767}.Debug|Any CPU.ActiveCfg = Debug|Any CPU
		{FDF67DC1-0EC3-4CDE-B188-1479B2315767}.Debug|Any CPU.Build.0 = Debug|Any CPU
		{FDF67DC1-0EC3-4CDE-B188-1479B2315767}.Debug|x64.ActiveCfg = Debug|x64
		{FDF67DC1-0EC3-4CDE-B188-1479B2315767}.Debug|x64.Build.0 = Debug|x64
		{FDF67DC1-0EC3-4CDE-B188-1479B2315767}.Debug|x86.ActiveCfg = Debug|x86
		{FDF67DC1-0EC3-4CDE-B188-1479B2315767}.Debug|x86.Build.0 = Debug|x86
		{FDF67DC1-0EC3-4CDE-B188-1479B2315767}.Release|Any CPU.ActiveCfg = Release|Any CPU
		{FDF67DC1-0EC3-4CDE-B188-1479B2315767}.Release|Any CPU.Build.0 = Release|Any CPU
		{FDF67DC1-0EC3-4CDE-B188-1479B2315767}.Release|x64.ActiveCfg = Release|x64
		{FDF67DC1-0EC3-4CDE-B188-1479B2315767}.Release|x64.Build.0 = Release|x64
		{FDF67DC1-0EC3-4CDE-B188-1479B2315767}.Release|x86.ActiveCfg = Release|x86
		{FDF67DC1-0EC3-4CDE-B188-1479B2315767}.Release|x86.Build.0 = Release|x86
		{107F13DF-5E63-44E5-99B3-0E052E35E960}.Debug|Any CPU.ActiveCfg = Debug|Any CPU
		{107F13DF-5E63-44E5-99B3-0E052E35E960}.Debug|Any CPU.Build.0 = Debug|Any CPU
		{107F13DF-5E63-44E5-99B3-0E052E35E960}.Debug|x64.ActiveCfg = Debug|x64
		{107F13DF-5E63-44E5-99B3-0E052E35E960}.Debug|x64.Build.0 = Debug|x64
		{107F13DF-5E63-44E5-99B3-0E052E35E960}.Debug|x86.ActiveCfg = Debug|x86
		{107F13DF-5E63-44E5-99B3-0E052E35E960}.Debug|x86.Build.0 = Debug|x86
		{107F13DF-5E63-44E5-99B3-0E052E35E960}.Release|Any CPU.ActiveCfg = Release|Any CPU
		{107F13DF-5E63-44E5-99B3-0E052E35E960}.Release|Any CPU.Build.0 = Release|Any CPU
		{107F13DF-5E63-44E5-99B3-0E052E35E960}.Release|x64.ActiveCfg = Release|x64
		{107F13DF-5E63-44E5-99B3-0E052E35E960}.Release|x64.Build.0 = Release|x64
		{107F13DF-5E63-44E5-99B3-0E052E35E960}.Release|x86.ActiveCfg = Release|x86
		{107F13DF-5E63-44E5-99B3-0E052E35E960}.Release|x86.Build.0 = Release|x86
		{0C74D2AC-167A-4BF8-926D-5C17663BCE92}.Debug|Any CPU.ActiveCfg = Debug|Any CPU
		{0C74D2AC-167A-4BF8-926D-5C17663BCE92}.Debug|Any CPU.Build.0 = Debug|Any CPU
		{0C74D2AC-167A-4BF8-926D-5C17663BCE92}.Debug|x64.ActiveCfg = Debug|x64
		{0C74D2AC-167A-4BF8-926D-5C17663BCE92}.Debug|x64.Build.0 = Debug|x64
		{0C74D2AC-167A-4BF8-926D-5C17663BCE92}.Debug|x86.ActiveCfg = Debug|x86
		{0C74D2AC-167A-4BF8-926D-5C17663BCE92}.Debug|x86.Build.0 = Debug|x86
		{0C74D2AC-167A-4BF8-926D-5C17663BCE92}.Release|Any CPU.ActiveCfg = Release|Any CPU
		{0C74D2AC-167A-4BF8-926D-5C17663BCE92}.Release|Any CPU.Build.0 = Release|Any CPU
		{0C74D2AC-167A-4BF8-926D-5C17663BCE92}.Release|x64.ActiveCfg = Release|x64
		{0C74D2AC-167A-4BF8-926D-5C17663BCE92}.Release|x64.Build.0 = Release|x64
		{0C74D2AC-167A-4BF8-926D-5C17663BCE92}.Release|x86.ActiveCfg = Release|x86
		{0C74D2AC-167A-4BF8-926D-5C17663BCE92}.Release|x86.Build.0 = Release|x86
		{8B66B88C-C012-42D3-A350-AE28F585CBFE}.Debug|Any CPU.ActiveCfg = Debug|Any CPU
		{8B66B88C-C012-42D3-A350-AE28F585CBFE}.Debug|Any CPU.Build.0 = Debug|Any CPU
		{8B66B88C-C012-42D3-A350-AE28F585CBFE}.Debug|x64.ActiveCfg = Debug|x64
		{8B66B88C-C012-42D3-A350-AE28F585CBFE}.Debug|x64.Build.0 = Debug|x64
		{8B66B88C-C012-42D3-A350-AE28F585CBFE}.Debug|x86.ActiveCfg = Debug|x86
		{8B66B88C-C012-42D3-A350-AE28F585CBFE}.Debug|x86.Build.0 = Debug|x86
		{8B66B88C-C012-42D3-A350-AE28F585CBFE}.Release|Any CPU.ActiveCfg = Release|Any CPU
		{8B66B88C-C012-42D3-A350-AE28F585CBFE}.Release|Any CPU.Build.0 = Release|Any CPU
		{8B66B88C-C012-42D3-A350-AE28F585CBFE}.Release|x64.ActiveCfg = Release|x64
		{8B66B88C-C012-42D3-A350-AE28F585CBFE}.Release|x64.Build.0 = Release|x64
		{8B66B88C-C012-42D3-A350-AE28F585CBFE}.Release|x86.ActiveCfg = Release|x86
		{8B66B88C-C012-42D3-A350-AE28F585CBFE}.Release|x86.Build.0 = Release|x86
		{72E09F03-6D16-4909-82B9-80EE1C1CBA1D}.Debug|Any CPU.ActiveCfg = Debug|Any CPU
		{72E09F03-6D16-4909-82B9-80EE1C1CBA1D}.Debug|Any CPU.Build.0 = Debug|Any CPU
		{72E09F03-6D16-4909-82B9-80EE1C1CBA1D}.Debug|x64.ActiveCfg = Debug|x64
		{72E09F03-6D16-4909-82B9-80EE1C1CBA1D}.Debug|x64.Build.0 = Debug|x64
		{72E09F03-6D16-4909-82B9-80EE1C1CBA1D}.Debug|x86.ActiveCfg = Debug|x86
		{72E09F03-6D16-4909-82B9-80EE1C1CBA1D}.Debug|x86.Build.0 = Debug|x86
		{72E09F03-6D16-4909-82B9-80EE1C1CBA1D}.Release|Any CPU.ActiveCfg = Release|Any CPU
		{72E09F03-6D16-4909-82B9-80EE1C1CBA1D}.Release|Any CPU.Build.0 = Release|Any CPU
		{72E09F03-6D16-4909-82B9-80EE1C1CBA1D}.Release|x64.ActiveCfg = Release|x64
		{72E09F03-6D16-4909-82B9-80EE1C1CBA1D}.Release|x64.Build.0 = Release|x64
		{72E09F03-6D16-4909-82B9-80EE1C1CBA1D}.Release|x86.ActiveCfg = Release|x86
		{72E09F03-6D16-4909-82B9-80EE1C1CBA1D}.Release|x86.Build.0 = Release|x86
		{869E007F-EBC1-4901-B1DB-FD7A8C0233B8}.Debug|Any CPU.ActiveCfg = Debug|Any CPU
		{869E007F-EBC1-4901-B1DB-FD7A8C0233B8}.Debug|Any CPU.Build.0 = Debug|Any CPU
		{869E007F-EBC1-4901-B1DB-FD7A8C0233B8}.Debug|x64.ActiveCfg = Debug|x64
		{869E007F-EBC1-4901-B1DB-FD7A8C0233B8}.Debug|x64.Build.0 = Debug|x64
		{869E007F-EBC1-4901-B1DB-FD7A8C0233B8}.Debug|x86.ActiveCfg = Debug|x86
		{869E007F-EBC1-4901-B1DB-FD7A8C0233B8}.Debug|x86.Build.0 = Debug|x86
		{869E007F-EBC1-4901-B1DB-FD7A8C0233B8}.Release|Any CPU.ActiveCfg = Release|Any CPU
		{869E007F-EBC1-4901-B1DB-FD7A8C0233B8}.Release|Any CPU.Build.0 = Release|Any CPU
		{869E007F-EBC1-4901-B1DB-FD7A8C0233B8}.Release|x64.ActiveCfg = Release|x64
		{869E007F-EBC1-4901-B1DB-FD7A8C0233B8}.Release|x64.Build.0 = Release|x64
		{869E007F-EBC1-4901-B1DB-FD7A8C0233B8}.Release|x86.ActiveCfg = Release|x86
		{869E007F-EBC1-4901-B1DB-FD7A8C0233B8}.Release|x86.Build.0 = Release|x86
	EndGlobalSection
	GlobalSection(NestedProjects) = preSolution
		{AE88CB3A-A89B-4008-8625-57F922F40454} = {414CBABD-6411-42AC-AC1D-74B8DBD14E29}
		{FDF67DC1-0EC3-4CDE-B188-1479B2315767} = {414CBABD-6411-42AC-AC1D-74B8DBD14E29}
		{107F13DF-5E63-44E5-99B3-0E052E35E960} = {414CBABD-6411-42AC-AC1D-74B8DBD14E29}
		{0C74D2AC-167A-4BF8-926D-5C17663BCE92} = {E1012CDF-B6FC-4759-9786-076CAB4E953C}
		{8B66B88C-C012-42D3-A350-AE28F585CBFE} = {E1012CDF-B6FC-4759-9786-076CAB4E953C}
		{72E09F03-6D16-4909-82B9-80EE1C1CBA1D} = {E1012CDF-B6FC-4759-9786-076CAB4E953C}
		{869E007F-EBC1-4901-B1DB-FD7A8C0233B8} = {336CA843-F387-423F-9E70-8AAF6C8EE92E}
	EndGlobalSection
EndGlobal
