
Microsoft Visual Studio Solution File, Format Version 12.00
# Visual Studio 2012
Project("{F2A71F9B-5D33-465A-A702-920D77279786}") = "Fuchu.Tests", "Fuchu.Tests\Fuchu.Tests.fsproj", "{4182E778-F6C2-4BA4-BFC7-19DB54890E18}"
EndProject
Project("{F2A71F9B-5D33-465A-A702-920D77279786}") = "Fuchu", "Fuchu\Fuchu.fsproj", "{C0D55728-10A9-4A7A-9DF9-D2F21F663AC2}"
EndProject
Project("{FAE04EC0-301F-11D3-BF4B-00C04F79EFBC}") = "Fuchu.CSharpTests", "Fuchu.CSharpTests\Fuchu.CSharpTests.csproj", "{5ED1DDC5-9B80-4F5C-BFDD-B5EC9C143AE3}"
EndProject
Project("{F2A71F9B-5D33-465A-A702-920D77279786}") = "Fuchu.TDNet", "Fuchu.TDNet\Fuchu.TDNet.fsproj", "{0C7F95E5-C77C-4856-88BB-857639490343}"
EndProject
Project("{F2A71F9B-5D33-465A-A702-920D77279786}") = "Fuchu.TeamCity", "Fuchu.TeamCity\Fuchu.TeamCity.fsproj", "{C316CFAA-13F8-452A-ADA1-1AB9535AA25D}"
EndProject
Project("{F2A71F9B-5D33-465A-A702-920D77279786}") = "Fuchu.FsCheck", "Fuchu.FsCheck\Fuchu.FsCheck.fsproj", "{58507646-335A-460E-B283-77A2BAF0D3A8}"
EndProject
Project("{F2A71F9B-5D33-465A-A702-920D77279786}") = "Fuchu.MbUnit", "Fuchu.MbUnit\Fuchu.MbUnit.fsproj", "{550F5832-D52F-4C7A-8AA0-0B35A145637F}"
EndProject
Project("{2150E333-8FDC-42A3-9474-1A3956D46DE8}") = ".nuget", ".nuget", "{C7F9862A-671C-475F-B48B-54F57DCBBD5E}"
	ProjectSection(SolutionItems) = preProject
		.nuget\NuGet.Config = .nuget\NuGet.Config
		.nuget\NuGet.exe = .nuget\NuGet.exe
		.nuget\NuGet.targets = .nuget\NuGet.targets
	EndProjectSection
EndProject
Project("{F2A71F9B-5D33-465A-A702-920D77279786}") = "Fuchu.PerfUtil", "Fuchu.PerfUtil\Fuchu.PerfUtil.fsproj", "{AE969ED0-0A3B-44B3-8459-4F19E486434A}"
EndProject
Global
	GlobalSection(SolutionConfigurationPlatforms) = preSolution
		Debug|Any CPU = Debug|Any CPU
		Debug|Mixed Platforms = Debug|Mixed Platforms
		Debug|x86 = Debug|x86
		Release|Any CPU = Release|Any CPU
		Release|Mixed Platforms = Release|Mixed Platforms
		Release|x86 = Release|x86
	EndGlobalSection
	GlobalSection(ProjectConfigurationPlatforms) = postSolution
		{4182E778-F6C2-4BA4-BFC7-19DB54890E18}.Debug|Any CPU.ActiveCfg = Debug|x86
		{4182E778-F6C2-4BA4-BFC7-19DB54890E18}.Debug|Mixed Platforms.ActiveCfg = Debug|x86
		{4182E778-F6C2-4BA4-BFC7-19DB54890E18}.Debug|Mixed Platforms.Build.0 = Debug|x86
		{4182E778-F6C2-4BA4-BFC7-19DB54890E18}.Debug|x86.ActiveCfg = Debug|x86
		{4182E778-F6C2-4BA4-BFC7-19DB54890E18}.Debug|x86.Build.0 = Debug|x86
		{4182E778-F6C2-4BA4-BFC7-19DB54890E18}.Release|Any CPU.ActiveCfg = Release|x86
		{4182E778-F6C2-4BA4-BFC7-19DB54890E18}.Release|Mixed Platforms.ActiveCfg = Release|x86
		{4182E778-F6C2-4BA4-BFC7-19DB54890E18}.Release|Mixed Platforms.Build.0 = Release|x86
		{4182E778-F6C2-4BA4-BFC7-19DB54890E18}.Release|x86.ActiveCfg = Release|x86
		{4182E778-F6C2-4BA4-BFC7-19DB54890E18}.Release|x86.Build.0 = Release|x86
		{C0D55728-10A9-4A7A-9DF9-D2F21F663AC2}.Debug|Any CPU.ActiveCfg = Debug|Any CPU
		{C0D55728-10A9-4A7A-9DF9-D2F21F663AC2}.Debug|Any CPU.Build.0 = Debug|Any CPU
		{C0D55728-10A9-4A7A-9DF9-D2F21F663AC2}.Debug|Mixed Platforms.ActiveCfg = Debug|Any CPU
		{C0D55728-10A9-4A7A-9DF9-D2F21F663AC2}.Debug|Mixed Platforms.Build.0 = Debug|Any CPU
		{C0D55728-10A9-4A7A-9DF9-D2F21F663AC2}.Debug|x86.ActiveCfg = Debug|Any CPU
		{C0D55728-10A9-4A7A-9DF9-D2F21F663AC2}.Release|Any CPU.ActiveCfg = Release|Any CPU
		{C0D55728-10A9-4A7A-9DF9-D2F21F663AC2}.Release|Any CPU.Build.0 = Release|Any CPU
		{C0D55728-10A9-4A7A-9DF9-D2F21F663AC2}.Release|Mixed Platforms.ActiveCfg = Release|Any CPU
		{C0D55728-10A9-4A7A-9DF9-D2F21F663AC2}.Release|Mixed Platforms.Build.0 = Release|Any CPU
		{C0D55728-10A9-4A7A-9DF9-D2F21F663AC2}.Release|x86.ActiveCfg = Release|Any CPU
		{5ED1DDC5-9B80-4F5C-BFDD-B5EC9C143AE3}.Debug|Any CPU.ActiveCfg = Debug|x86
		{5ED1DDC5-9B80-4F5C-BFDD-B5EC9C143AE3}.Debug|Mixed Platforms.ActiveCfg = Debug|x86
		{5ED1DDC5-9B80-4F5C-BFDD-B5EC9C143AE3}.Debug|Mixed Platforms.Build.0 = Debug|x86
		{5ED1DDC5-9B80-4F5C-BFDD-B5EC9C143AE3}.Debug|x86.ActiveCfg = Debug|x86
		{5ED1DDC5-9B80-4F5C-BFDD-B5EC9C143AE3}.Debug|x86.Build.0 = Debug|x86
		{5ED1DDC5-9B80-4F5C-BFDD-B5EC9C143AE3}.Release|Any CPU.ActiveCfg = Release|x86
		{5ED1DDC5-9B80-4F5C-BFDD-B5EC9C143AE3}.Release|Mixed Platforms.ActiveCfg = Release|x86
		{5ED1DDC5-9B80-4F5C-BFDD-B5EC9C143AE3}.Release|Mixed Platforms.Build.0 = Release|x86
		{5ED1DDC5-9B80-4F5C-BFDD-B5EC9C143AE3}.Release|x86.ActiveCfg = Release|x86
		{5ED1DDC5-9B80-4F5C-BFDD-B5EC9C143AE3}.Release|x86.Build.0 = Release|x86
		{0C7F95E5-C77C-4856-88BB-857639490343}.Debug|Any CPU.ActiveCfg = Debug|Any CPU
		{0C7F95E5-C77C-4856-88BB-857639490343}.Debug|Any CPU.Build.0 = Debug|Any CPU
		{0C7F95E5-C77C-4856-88BB-857639490343}.Debug|Mixed Platforms.ActiveCfg = Debug|Any CPU
		{0C7F95E5-C77C-4856-88BB-857639490343}.Debug|Mixed Platforms.Build.0 = Debug|Any CPU
		{0C7F95E5-C77C-4856-88BB-857639490343}.Debug|x86.ActiveCfg = Debug|Any CPU
		{0C7F95E5-C77C-4856-88BB-857639490343}.Release|Any CPU.ActiveCfg = Release|Any CPU
		{0C7F95E5-C77C-4856-88BB-857639490343}.Release|Any CPU.Build.0 = Release|Any CPU
		{0C7F95E5-C77C-4856-88BB-857639490343}.Release|Mixed Platforms.ActiveCfg = Release|Any CPU
		{0C7F95E5-C77C-4856-88BB-857639490343}.Release|Mixed Platforms.Build.0 = Release|Any CPU
		{0C7F95E5-C77C-4856-88BB-857639490343}.Release|x86.ActiveCfg = Release|Any CPU
		{C316CFAA-13F8-452A-ADA1-1AB9535AA25D}.Debug|Any CPU.ActiveCfg = Debug|Any CPU
		{C316CFAA-13F8-452A-ADA1-1AB9535AA25D}.Debug|Any CPU.Build.0 = Debug|Any CPU
		{C316CFAA-13F8-452A-ADA1-1AB9535AA25D}.Debug|Mixed Platforms.ActiveCfg = Debug|Any CPU
		{C316CFAA-13F8-452A-ADA1-1AB9535AA25D}.Debug|Mixed Platforms.Build.0 = Debug|Any CPU
		{C316CFAA-13F8-452A-ADA1-1AB9535AA25D}.Debug|x86.ActiveCfg = Debug|Any CPU
		{C316CFAA-13F8-452A-ADA1-1AB9535AA25D}.Release|Any CPU.ActiveCfg = Release|Any CPU
		{C316CFAA-13F8-452A-ADA1-1AB9535AA25D}.Release|Any CPU.Build.0 = Release|Any CPU
		{C316CFAA-13F8-452A-ADA1-1AB9535AA25D}.Release|Mixed Platforms.ActiveCfg = Release|Any CPU
		{C316CFAA-13F8-452A-ADA1-1AB9535AA25D}.Release|Mixed Platforms.Build.0 = Release|Any CPU
		{C316CFAA-13F8-452A-ADA1-1AB9535AA25D}.Release|x86.ActiveCfg = Release|Any CPU
		{58507646-335A-460E-B283-77A2BAF0D3A8}.Debug|Any CPU.ActiveCfg = Debug|Any CPU
		{58507646-335A-460E-B283-77A2BAF0D3A8}.Debug|Any CPU.Build.0 = Debug|Any CPU
		{58507646-335A-460E-B283-77A2BAF0D3A8}.Debug|Mixed Platforms.ActiveCfg = Debug|Any CPU
		{58507646-335A-460E-B283-77A2BAF0D3A8}.Debug|Mixed Platforms.Build.0 = Debug|Any CPU
		{58507646-335A-460E-B283-77A2BAF0D3A8}.Debug|x86.ActiveCfg = Debug|Any CPU
		{58507646-335A-460E-B283-77A2BAF0D3A8}.Release|Any CPU.ActiveCfg = Release|Any CPU
		{58507646-335A-460E-B283-77A2BAF0D3A8}.Release|Any CPU.Build.0 = Release|Any CPU
		{58507646-335A-460E-B283-77A2BAF0D3A8}.Release|Mixed Platforms.ActiveCfg = Release|Any CPU
		{58507646-335A-460E-B283-77A2BAF0D3A8}.Release|Mixed Platforms.Build.0 = Release|Any CPU
		{58507646-335A-460E-B283-77A2BAF0D3A8}.Release|x86.ActiveCfg = Release|Any CPU
		{550F5832-D52F-4C7A-8AA0-0B35A145637F}.Debug|Any CPU.ActiveCfg = Debug|Any CPU
		{550F5832-D52F-4C7A-8AA0-0B35A145637F}.Debug|Any CPU.Build.0 = Debug|Any CPU
		{550F5832-D52F-4C7A-8AA0-0B35A145637F}.Debug|Mixed Platforms.ActiveCfg = Debug|Any CPU
		{550F5832-D52F-4C7A-8AA0-0B35A145637F}.Debug|Mixed Platforms.Build.0 = Debug|Any CPU
		{550F5832-D52F-4C7A-8AA0-0B35A145637F}.Debug|x86.ActiveCfg = Debug|Any CPU
		{550F5832-D52F-4C7A-8AA0-0B35A145637F}.Release|Any CPU.ActiveCfg = Release|Any CPU
		{550F5832-D52F-4C7A-8AA0-0B35A145637F}.Release|Any CPU.Build.0 = Release|Any CPU
		{550F5832-D52F-4C7A-8AA0-0B35A145637F}.Release|Mixed Platforms.ActiveCfg = Release|Any CPU
		{550F5832-D52F-4C7A-8AA0-0B35A145637F}.Release|Mixed Platforms.Build.0 = Release|Any CPU
		{550F5832-D52F-4C7A-8AA0-0B35A145637F}.Release|x86.ActiveCfg = Release|Any CPU
		{AE969ED0-0A3B-44B3-8459-4F19E486434A}.Debug|Any CPU.ActiveCfg = Debug|Any CPU
		{AE969ED0-0A3B-44B3-8459-4F19E486434A}.Debug|Any CPU.Build.0 = Debug|Any CPU
		{AE969ED0-0A3B-44B3-8459-4F19E486434A}.Debug|Mixed Platforms.ActiveCfg = Debug|Any CPU
		{AE969ED0-0A3B-44B3-8459-4F19E486434A}.Debug|Mixed Platforms.Build.0 = Debug|Any CPU
		{AE969ED0-0A3B-44B3-8459-4F19E486434A}.Debug|x86.ActiveCfg = Debug|Any CPU
		{AE969ED0-0A3B-44B3-8459-4F19E486434A}.Release|Any CPU.ActiveCfg = Release|Any CPU
		{AE969ED0-0A3B-44B3-8459-4F19E486434A}.Release|Any CPU.Build.0 = Release|Any CPU
		{AE969ED0-0A3B-44B3-8459-4F19E486434A}.Release|Mixed Platforms.ActiveCfg = Release|Any CPU
		{AE969ED0-0A3B-44B3-8459-4F19E486434A}.Release|Mixed Platforms.Build.0 = Release|Any CPU
		{AE969ED0-0A3B-44B3-8459-4F19E486434A}.Release|x86.ActiveCfg = Release|Any CPU
	EndGlobalSection
	GlobalSection(SolutionProperties) = preSolution
		HideSolutionNode = FALSE
	EndGlobalSection
EndGlobal
